
Microsoft Visual Studio Solution File, Format Version 12.00
# Visual Studio Version 17
VisualStudioVersion = 17.6.33723.286
MinimumVisualStudioVersion = 10.0.40219.1
Project("{FAE04EC0-301F-11D3-BF4B-00C04F79EFBC}") = "CityInfo.API", "CityInfo.API\CityInfo.API.csproj", "{C718902F-18F1-4039-B91C-892C007B2305}"
EndProject
Global
	GlobalSection(SolutionConfigurationPlatforms) = preSolution
		Debug|Any CPU = Debug|Any CPU
		Release|Any CPU = Release|Any CPU
	EndGlobalSection
	GlobalSection(ProjectConfigurationPlatforms) = postSolution
		{C718902F-18F1-4039-B91C-892C007B2305}.Debug|Any CPU.ActiveCfg = Debug|Any CPU
		{C718902F-18F1-4039-B91C-892C007B2305}.Debug|Any CPU.Build.0 = Debug|Any CPU
		{C718902F-18F1-4039-B91C-892C007B2305}.Release|Any CPU.ActiveCfg = Release|Any CPU
		{C718902F-18F1-4039-B91C-892C007B2305}.Release|Any CPU.Build.0 = Release|Any CPU
	EndGlobalSection
	GlobalSection(SolutionProperties) = preSolution
		HideSolutionNode = FALSE
	EndGlobalSection
	GlobalSection(ExtensibilityGlobals) = postSolution
		SolutionGuid = {37316BFD-7526-40A3-8AED-583C41319863}
	EndGlobalSection
EndGlobal
